
Microsoft Visual Studio Solution File, Format Version 12.00
# Visual Studio Version 17
VisualStudioVersion = 17.0.32014.148
MinimumVisualStudioVersion = 10.0.40219.1
Project("{9A19103F-16F7-4668-BE54-9A1E7A4F7556}") = "AccountManagerService", "AccountManagerService.csproj", "{52D8E549-D601-44FC-92A9-78D3615817C1}"
EndProject
Project("{9A19103F-16F7-4668-BE54-9A1E7A4F7556}") = "Ecosystem.Core", "..\Ecosystem.Core\Ecosystem.Core.csproj", "{8099A018-81E3-46F7-99DD-59C5203451F7}"
EndProject
Global
	GlobalSection(SolutionConfigurationPlatforms) = preSolution
		Debug|Any CPU = Debug|Any CPU
		Release|Any CPU = Release|Any CPU
	EndGlobalSection
	GlobalSection(ProjectConfigurationPlatforms) = postSolution
		{52D8E549-D601-44FC-92A9-78D3615817C1}.Debug|Any CPU.ActiveCfg = Debug|Any CPU
		{52D8E549-D601-44FC-92A9-78D3615817C1}.Debug|Any CPU.Build.0 = Debug|Any CPU
		{52D8E549-D601-44FC-92A9-78D3615817C1}.Release|Any CPU.ActiveCfg = Release|Any CPU
		{52D8E549-D601-44FC-92A9-78D3615817C1}.Release|Any CPU.Build.0 = Release|Any CPU
		{8099A018-81E3-46F7-99DD-59C5203451F7}.Debug|Any CPU.ActiveCfg = Debug|Any CPU
		{8099A018-81E3-46F7-99DD-59C5203451F7}.Debug|Any CPU.Build.0 = Debug|Any CPU
		{8099A018-81E3-46F7-99DD-59C5203451F7}.Release|Any CPU.ActiveCfg = Release|Any CPU
		{8099A018-81E3-46F7-99DD-59C5203451F7}.Release|Any CPU.Build.0 = Release|Any CPU
	EndGlobalSection
	GlobalSection(SolutionProperties) = preSolution
		HideSolutionNode = FALSE
	EndGlobalSection
	GlobalSection(ExtensibilityGlobals) = postSolution
		SolutionGuid = {A8A6F149-77E8-4086-8FF7-CFA5A31B643C}
	EndGlobalSection
EndGlobal
