
Microsoft Visual Studio Solution File, Format Version 12.00
# Visual Studio Version 17
VisualStudioVersion = 17.0.32014.148
MinimumVisualStudioVersion = 10.0.40219.1
Project("{FAE04EC0-301F-11D3-BF4B-00C04F79EFBC}") = "Services", "Services\Services.csproj", "{D1BA35ED-768E-4C58-A195-E72CACD031D2}"
EndProject
Project("{FAE04EC0-301F-11D3-BF4B-00C04F79EFBC}") = "Shared", "Shared\Shared.csproj", "{A4389EC7-BD2B-4237-BDD1-16B14529AA0A}"
EndProject
Global
	GlobalSection(SolutionConfigurationPlatforms) = preSolution
		Debug|Any CPU = Debug|Any CPU
		Release|Any CPU = Release|Any CPU
	EndGlobalSection
	GlobalSection(ProjectConfigurationPlatforms) = postSolution
		{D1BA35ED-768E-4C58-A195-E72CACD031D2}.Debug|Any CPU.ActiveCfg = Debug|Any CPU
		{D1BA35ED-768E-4C58-A195-E72CACD031D2}.Debug|Any CPU.Build.0 = Debug|Any CPU
		{D1BA35ED-768E-4C58-A195-E72CACD031D2}.Release|Any CPU.ActiveCfg = Release|Any CPU
		{D1BA35ED-768E-4C58-A195-E72CACD031D2}.Release|Any CPU.Build.0 = Release|Any CPU
		{A4389EC7-BD2B-4237-BDD1-16B14529AA0A}.Debug|Any CPU.ActiveCfg = Debug|Any CPU
		{A4389EC7-BD2B-4237-BDD1-16B14529AA0A}.Debug|Any CPU.Build.0 = Debug|Any CPU
		{A4389EC7-BD2B-4237-BDD1-16B14529AA0A}.Release|Any CPU.ActiveCfg = Release|Any CPU
		{A4389EC7-BD2B-4237-BDD1-16B14529AA0A}.Release|Any CPU.Build.0 = Release|Any CPU
	EndGlobalSection
	GlobalSection(SolutionProperties) = preSolution
		HideSolutionNode = FALSE
	EndGlobalSection
	GlobalSection(ExtensibilityGlobals) = postSolution
		SolutionGuid = {05409ACF-0261-4FBC-BA40-7372EEA24103}
	EndGlobalSection
EndGlobal
